
Microsoft Visual Studio Solution File, Format Version 12.00
# Visual Studio Version 17
VisualStudioVersion = 17.5.002.0
MinimumVisualStudioVersion = 10.0.40219.1
Project("{9A19103F-16F7-4668-BE54-9A1E7A4F7556}") = "http1", "http1.csproj", "{607FEB85-B5BA-4EDB-86B2-3DFC9736E771}"
EndProject
Global
	GlobalSection(SolutionConfigurationPlatforms) = preSolution
		Debug|Any CPU = Debug|Any CPU
		Release|Any CPU = Release|Any CPU
	EndGlobalSection
	GlobalSection(ProjectConfigurationPlatforms) = postSolution
		{607FEB85-B5BA-4EDB-86B2-3DFC9736E771}.Debug|Any CPU.ActiveCfg = Debug|Any CPU
		{607FEB85-B5BA-4EDB-86B2-3DFC9736E771}.Debug|Any CPU.Build.0 = Debug|Any CPU
		{607FEB85-B5BA-4EDB-86B2-3DFC9736E771}.Release|Any CPU.ActiveCfg = Release|Any CPU
		{607FEB85-B5BA-4EDB-86B2-3DFC9736E771}.Release|Any CPU.Build.0 = Release|Any CPU
	EndGlobalSection
	GlobalSection(SolutionProperties) = preSolution
		HideSolutionNode = FALSE
	EndGlobalSection
	GlobalSection(ExtensibilityGlobals) = postSolution
		SolutionGuid = {EA8886FA-2690-4EE5-B8AE-11DC969F6398}
	EndGlobalSection
EndGlobal
